{
  "nodes": {
    "ancmp": {
      "flake": false,
      "locked": {
        "lastModified": 1747847415,
        "narHash": "sha256-2pYAd3UsFUElSdw+8Uaqi9KUox4IrP877ibH+edEAhw=",
        "owner": "MFDGaming",
        "repo": "ancmp",
        "rev": "74122fd1e50c14b5b5d7e0788d46548cfddf9101",
        "type": "github"
      },
      "original": {
        "owner": "MFDGaming",
        "repo": "ancmp",
        "type": "github"
      }
    },
    "flake-utils": {
      "inputs": {
        "systems": "systems"
      },
      "locked": {
        "lastModified": 1731533236,
        "narHash": "sha256-l0KFg5HjrsfsO/JpG+r7fRrqm12kzFHyUHqHCVpMMbI=",
        "owner": "numtide",
        "repo": "flake-utils",
        "rev": "11707dc2f618dd54ca8739b309ec4fc024de578b",
        "type": "github"
      },
      "original": {
        "owner": "numtide",
        "repo": "flake-utils",
        "type": "github"
      }
    },
    "glad": {
      "flake": false,
      "locked": {
        "lastModified": 1742979391,
        "narHash": "sha256-NK2Ch5FInAwtWMTdzTumFzTWp4rytp4rUdVcaN78CXw=",
        "owner": "Dav1dde",
        "repo": "glad",
        "rev": "56e406e90a802e963bb18d9c94cf6589e5a6b0a9",
        "type": "github"
      },
      "original": {
        "owner": "Dav1dde",
        "repo": "glad",
        "rev": "56e406e90a802e963bb18d9c94cf6589e5a6b0a9",
        "type": "github"
      }
    },
    "home-manager": {
      "inputs": {
        "nixpkgs": [
          "nixpkgs"
        ]
      },
      "locked": {
        "lastModified": 1734366194,
        "narHash": "sha256-vykpJ1xsdkv0j8WOVXrRFHUAdp9NXHpxdnn1F4pYgSw=",
        "owner": "nix-community",
        "repo": "home-manager",
        "rev": "80b0fdf483c5d1cb75aaad909bd390d48673857f",
        "type": "github"
      },
      "original": {
        "owner": "nix-community",
        "ref": "release-24.11",
        "repo": "home-manager",
        "type": "github"
      }
    },
    "ninecraft": {
      "inputs": {
        "ancmp": "ancmp",
        "flake-utils": "flake-utils",
        "glad": "glad",
        "nixgl": "nixgl",
        "nixpkgs": [
          "nixpkgs"
        ],
        "stb": "stb"
      },
      "locked": {
        "lastModified": 1747849458,
        "narHash": "sha256-lwrJF3PFaSqxBaOkpz3RjMYcmCE0EkyD9FTR0pPnw6o=",
        "owner": "MCPI-Revival",
        "repo": "Ninecraft",
        "rev": "cd8b60e5424fef3b7997a24e902bd80a8f3b0170",
        "type": "github"
      },
      "original": {
        "owner": "MCPI-Revival",
        "repo": "Ninecraft",
        "type": "github"
      }
    },
    "nixgl": {
      "inputs": {
        "flake-utils": [
          "ninecraft",
          "flake-utils"
        ],
        "nixpkgs": [
          "ninecraft",
          "nixpkgs"
        ]
      },
      "locked": {
        "lastModified": 1713543440,
        "narHash": "sha256-lnzZQYG0+EXl/6NkGpyIz+FEOc/DSEG57AP1VsdeNrM=",
        "owner": "nix-community",
        "repo": "nixGL",
        "rev": "310f8e49a149e4c9ea52f1adf70cdc768ec53f8a",
        "type": "github"
      },
      "original": {
        "owner": "nix-community",
        "repo": "nixGL",
        "type": "github"
      }
    },
    "nixpkgs": {
      "locked": {
        "lastModified": 1734323986,
        "narHash": "sha256-m/lh6hYMIWDYHCAsn81CDAiXoT3gmxXI9J987W5tZrE=",
        "owner": "nixos",
        "repo": "nixpkgs",
        "rev": "394571358ce82dff7411395829aa6a3aad45b907",
        "type": "github"
      },
      "original": {
        "owner": "nixos",
        "ref": "nixos-24.11",
        "repo": "nixpkgs",
        "type": "github"
      }
    },
    "plasma-manager": {
      "inputs": {
        "home-manager": [
          "home-manager"
        ],
        "nixpkgs": [
          "nixpkgs"
        ]
      },
      "locked": {
        "lastModified": 1740569341,
        "narHash": "sha256-WV8nY2IOfWdzBF5syVgCcgOchg/qQtpYh6LECYS9XkY=",
        "owner": "nix-community",
        "repo": "plasma-manager",
        "rev": "5eeb0172fb74392053b66a8149e61b5e191b2845",
        "type": "github"
      },
      "original": {
        "owner": "nix-community",
        "repo": "plasma-manager",
        "type": "github"
      }
    },
    "root": {
      "inputs": {
        "home-manager": "home-manager",
        "ninecraft": "ninecraft",
        "nixpkgs": "nixpkgs",
        "plasma-manager": "plasma-manager"
      }
    },
    "stb": {
      "flake": false,
      "locked": {
        "lastModified": 1675018027,
        "narHash": "sha256-s2ASdlT3bBNrqvwfhhN6skjbmyEnUgvNOrvhgUSRj98=",
        "owner": "nothings",
        "repo": "stb",
        "rev": "5736b15f7ea0ffb08dd38af21067c314d6a3aae9",
        "type": "github"
      },
      "original": {
        "owner": "nothings",
        "repo": "stb",
        "rev": "5736b15f7ea0ffb08dd38af21067c314d6a3aae9",
        "type": "github"
      }
    },
    "systems": {
      "locked": {
        "lastModified": 1681028828,
        "narHash": "sha256-Vy1rq5AaRuLzOxct8nz4T6wlgyUR7zLU309k9mBC768=",
        "owner": "nix-systems",
        "repo": "default",
        "rev": "da67096a3b9bf56a91d16901293e51ba5b49a27e",
        "type": "github"
      },
      "original": {
        "owner": "nix-systems",
        "repo": "default",
        "type": "github"
      }
    }
  },
  "root": "root",
  "version": 7
}
